
Microsoft Visual Studio Solution File, Format Version 12.00
# Visual Studio Version 17
VisualStudioVersion = 17.2.32602.215
MinimumVisualStudioVersion = 10.0.40219.1
Project("{FAE04EC0-301F-11D3-BF4B-00C04F79EFBC}") = "shell_demo_app", "shell_demo_app\shell_demo_app.csproj", "{C3D85199-E933-48D9-90A9-9E0547036337}"
EndProject
Project("{00D1A9C2-B5F0-4AF3-8072-F6C62B433612}") = "Database1", "Database1\Database1.sqlproj", "{EA11F9E8-B554-47D5-ABE0-3E28BBEE7600}"
EndProject
Global
	GlobalSection(SolutionConfigurationPlatforms) = preSolution
		Debug|Any CPU = Debug|Any CPU
		Release|Any CPU = Release|Any CPU
	EndGlobalSection
	GlobalSection(ProjectConfigurationPlatforms) = postSolution
		{C3D85199-E933-48D9-90A9-9E0547036337}.Debug|Any CPU.ActiveCfg = Debug|Any CPU
		{C3D85199-E933-48D9-90A9-9E0547036337}.Debug|Any CPU.Build.0 = Debug|Any CPU
		{C3D85199-E933-48D9-90A9-9E0547036337}.Release|Any CPU.ActiveCfg = Release|Any CPU
		{C3D85199-E933-48D9-90A9-9E0547036337}.Release|Any CPU.Build.0 = Release|Any CPU
		{EA11F9E8-B554-47D5-ABE0-3E28BBEE7600}.Debug|Any CPU.ActiveCfg = Debug|Any CPU
		{EA11F9E8-B554-47D5-ABE0-3E28BBEE7600}.Debug|Any CPU.Build.0 = Debug|Any CPU
		{EA11F9E8-B554-47D5-ABE0-3E28BBEE7600}.Debug|Any CPU.Deploy.0 = Debug|Any CPU
		{EA11F9E8-B554-47D5-ABE0-3E28BBEE7600}.Release|Any CPU.ActiveCfg = Release|Any CPU
		{EA11F9E8-B554-47D5-ABE0-3E28BBEE7600}.Release|Any CPU.Build.0 = Release|Any CPU
		{EA11F9E8-B554-47D5-ABE0-3E28BBEE7600}.Release|Any CPU.Deploy.0 = Release|Any CPU
	EndGlobalSection
	GlobalSection(SolutionProperties) = preSolution
		HideSolutionNode = FALSE
	EndGlobalSection
	GlobalSection(ExtensibilityGlobals) = postSolution
		SolutionGuid = {9A07B408-8003-40C9-8F34-04C4D015F980}
	EndGlobalSection
EndGlobal
