
Microsoft Visual Studio Solution File, Format Version 12.00
# Visual Studio Version 17
VisualStudioVersion = 17.2.32602.215
MinimumVisualStudioVersion = 10.0.40219.1
Project("{9A19103F-16F7-4668-BE54-9A1E7A4F7556}") = "FunctionApp1", "FunctionApp1\FunctionApp1.csproj", "{A4DC1EE4-57C2-48D2-9C7E-68D98DC8CE3F}"
EndProject
Project("{9A19103F-16F7-4668-BE54-9A1E7A4F7556}") = "FunctionApp2", "FunctionApp2\FunctionApp2.csproj", "{ABE62B53-2D35-4D1A-B265-194232BB8990}"
EndProject
Global
	GlobalSection(SolutionConfigurationPlatforms) = preSolution
		Debug|Any CPU = Debug|Any CPU
		Release|Any CPU = Release|Any CPU
	EndGlobalSection
	GlobalSection(ProjectConfigurationPlatforms) = postSolution
		{A4DC1EE4-57C2-48D2-9C7E-68D98DC8CE3F}.Debug|Any CPU.ActiveCfg = Debug|Any CPU
		{A4DC1EE4-57C2-48D2-9C7E-68D98DC8CE3F}.Debug|Any CPU.Build.0 = Debug|Any CPU
		{A4DC1EE4-57C2-48D2-9C7E-68D98DC8CE3F}.Release|Any CPU.ActiveCfg = Release|Any CPU
		{A4DC1EE4-57C2-48D2-9C7E-68D98DC8CE3F}.Release|Any CPU.Build.0 = Release|Any CPU
		{ABE62B53-2D35-4D1A-B265-194232BB8990}.Debug|Any CPU.ActiveCfg = Debug|Any CPU
		{ABE62B53-2D35-4D1A-B265-194232BB8990}.Debug|Any CPU.Build.0 = Debug|Any CPU
		{ABE62B53-2D35-4D1A-B265-194232BB8990}.Release|Any CPU.ActiveCfg = Release|Any CPU
		{ABE62B53-2D35-4D1A-B265-194232BB8990}.Release|Any CPU.Build.0 = Release|Any CPU
	EndGlobalSection
	GlobalSection(SolutionProperties) = preSolution
		HideSolutionNode = FALSE
	EndGlobalSection
	GlobalSection(ExtensibilityGlobals) = postSolution
		SolutionGuid = {9A07B408-8003-40C9-8F34-04C4D015F980}
	EndGlobalSection
EndGlobal
